
Microsoft Visual Studio Solution File, Format Version 12.00
# Visual Studio Version 17
VisualStudioVersion = 17.14.36429.23
MinimumVisualStudioVersion = 10.0.40219.1
Project("{FAE04EC0-301F-11D3-BF4B-00C04F79EFBC}") = "Patterns23-ISP-41", "Patterns23-ISP-41\Patterns23-ISP-41.csproj", "{B5D80753-8D45-40AA-AA53-C5A36EB734EF}"
EndProject
Project("{FAE04EC0-301F-11D3-BF4B-00C04F79EFBC}") = "SigltonProject", "SigltonProject\SigltonProject.csproj", "{AD276850-6B93-41AC-8EF0-B15376A23258}"
EndProject
Project("{FAE04EC0-301F-11D3-BF4B-00C04F79EFBC}") = "SigltonForm", "SigltonForm\SigltonForm.csproj", "{F1885AD0-B91A-4C79-B8AA-BEC9285BD3E0}"
EndProject
Project("{FAE04EC0-301F-11D3-BF4B-00C04F79EFBC}") = "PrototypeProject", "PrototypeProject\PrototypeProject.csproj", "{82A8F547-5498-4088-80F2-E4AFD0E7EB7E}"
EndProject
Project("{FAE04EC0-301F-11D3-BF4B-00C04F79EFBC}") = "BuilderProject", "BuilderProject\BuilderProject.csproj", "{0318C484-A6E8-4E0B-955A-6694D36D5F70}"
EndProject
Project("{FAE04EC0-301F-11D3-BF4B-00C04F79EFBC}") = "AbstractFactoryProject", "AbstractFactoryProject\AbstractFactoryProject.csproj", "{301BAC40-4701-4E22-85C5-B0FBA8DD1282}"
EndProject
Project("{FAE04EC0-301F-11D3-BF4B-00C04F79EFBC}") = "FactoryMethodProject", "FactoryMethodProject\FactoryMethodProject.csproj", "{8DE08269-B96D-4E08-A50A-ACB0CA681BFE}"
EndProject
Project("{FAE04EC0-301F-11D3-BF4B-00C04F79EFBC}") = "AdapterProject", "AdapterProject\AdapterProject.csproj", "{8F527364-A061-479F-A6F8-C1CEE8C41E5E}"
EndProject
Project("{FAE04EC0-301F-11D3-BF4B-00C04F79EFBC}") = "BridgeProject", "BridgeProject\BridgeProject.csproj", "{4CA3D79A-8D81-4F82-AB89-15BE13FF2F6F}"
EndProject
Project("{FAE04EC0-301F-11D3-BF4B-00C04F79EFBC}") = "CompositeProject", "CompositeProject\CompositeProject.csproj", "{C7731A2E-DCF3-4E80-96C2-1A57D37AA089}"
EndProject
Project("{FAE04EC0-301F-11D3-BF4B-00C04F79EFBC}") = "DecoratorProject", "DecoratorProject\DecoratorProject.csproj", "{BFB285AD-D7F7-405E-95FF-882703A2BC0B}"
EndProject
Project("{FAE04EC0-301F-11D3-BF4B-00C04F79EFBC}") = "FacadeProject", "FacadeProject\FacadeProject.csproj", "{063FF636-B750-4997-84B5-0CC573197FD0}"
EndProject
Project("{FAE04EC0-301F-11D3-BF4B-00C04F79EFBC}") = "FlyweightProject", "FlyweightProject\FlyweightProject.csproj", "{3D0B1D5C-AA9C-45D9-99E9-822432F1754D}"
EndProject
Project("{FAE04EC0-301F-11D3-BF4B-00C04F79EFBC}") = "ProxyProject", "ProxyProject\ProxyProject.csproj", "{FF5C8A40-1DD7-40A3-9987-EDD7307FCB86}"
EndProject
Project("{FAE04EC0-301F-11D3-BF4B-00C04F79EFBC}") = "ChainOfResponsibility", "ChainOfResponsibility\ChainOfResponsibility.csproj", "{ED887D72-6E9B-4201-84B9-12BB05CF28E7}"
EndProject
Project("{FAE04EC0-301F-11D3-BF4B-00C04F79EFBC}") = "CommandProject", "CommandProject\CommandProject.csproj", "{3A6766CC-8B3A-4480-9E73-17F5B2824DED}"
EndProject
Project("{FAE04EC0-301F-11D3-BF4B-00C04F79EFBC}") = "IteratorProject", "IteratorProject\IteratorProject.csproj", "{E5B28001-B632-4FEC-AE59-E93C72F1091D}"
EndProject
Project("{FAE04EC0-301F-11D3-BF4B-00C04F79EFBC}") = "InterpretatorProject", "InterpretatorProject\InterpretatorProject.csproj", "{4D062069-73FF-49AE-812B-D3C24298BEFE}"
EndProject
Project("{FAE04EC0-301F-11D3-BF4B-00C04F79EFBC}") = "MediatorProject", "MediatorProject\MediatorProject.csproj", "{A92C8A9D-1C8F-4B6E-8F6D-54517F3BFBC5}"
EndProject
Project("{FAE04EC0-301F-11D3-BF4B-00C04F79EFBC}") = "ObservableProject", "ObservableProject\ObservableProject.csproj", "{02A7A15E-5744-4460-9C05-9DA330151F9F}"
EndProject
Project("{FAE04EC0-301F-11D3-BF4B-00C04F79EFBC}") = "StrategyProject", "StrategyProject\StrategyProject.csproj", "{D412BD2F-4C3A-438E-8731-EA9030600C52}"
EndProject
Project("{FAE04EC0-301F-11D3-BF4B-00C04F79EFBC}") = "TemplateMethodProject", "TemplateMethodProject\TemplateMethodProject.csproj", "{AEA6D428-C15D-47B0-AC34-034591068155}"
EndProject
Project("{FAE04EC0-301F-11D3-BF4B-00C04F79EFBC}") = "VisitorProject", "VisitorProject\VisitorProject.csproj", "{BBB5BD85-3D75-43F5-A88C-074067ECA6DA}"
EndProject
Project("{FAE04EC0-301F-11D3-BF4B-00C04F79EFBC}") = "StateProject", "StateProject\StateProject.csproj", "{894E4C85-0C81-4655-B393-957E059262AA}"
EndProject
Global
	GlobalSection(SolutionConfigurationPlatforms) = preSolution
		Debug|Any CPU = Debug|Any CPU
		Release|Any CPU = Release|Any CPU
	EndGlobalSection
	GlobalSection(ProjectConfigurationPlatforms) = postSolution
		{B5D80753-8D45-40AA-AA53-C5A36EB734EF}.Debug|Any CPU.ActiveCfg = Debug|Any CPU
		{B5D80753-8D45-40AA-AA53-C5A36EB734EF}.Debug|Any CPU.Build.0 = Debug|Any CPU
		{B5D80753-8D45-40AA-AA53-C5A36EB734EF}.Release|Any CPU.ActiveCfg = Release|Any CPU
		{B5D80753-8D45-40AA-AA53-C5A36EB734EF}.Release|Any CPU.Build.0 = Release|Any CPU
		{AD276850-6B93-41AC-8EF0-B15376A23258}.Debug|Any CPU.ActiveCfg = Debug|Any CPU
		{AD276850-6B93-41AC-8EF0-B15376A23258}.Debug|Any CPU.Build.0 = Debug|Any CPU
		{AD276850-6B93-41AC-8EF0-B15376A23258}.Release|Any CPU.ActiveCfg = Release|Any CPU
		{AD276850-6B93-41AC-8EF0-B15376A23258}.Release|Any CPU.Build.0 = Release|Any CPU
		{F1885AD0-B91A-4C79-B8AA-BEC9285BD3E0}.Debug|Any CPU.ActiveCfg = Debug|Any CPU
		{F1885AD0-B91A-4C79-B8AA-BEC9285BD3E0}.Debug|Any CPU.Build.0 = Debug|Any CPU
		{F1885AD0-B91A-4C79-B8AA-BEC9285BD3E0}.Release|Any CPU.ActiveCfg = Release|Any CPU
		{F1885AD0-B91A-4C79-B8AA-BEC9285BD3E0}.Release|Any CPU.Build.0 = Release|Any CPU
		{82A8F547-5498-4088-80F2-E4AFD0E7EB7E}.Debug|Any CPU.ActiveCfg = Debug|Any CPU
		{82A8F547-5498-4088-80F2-E4AFD0E7EB7E}.Debug|Any CPU.Build.0 = Debug|Any CPU
		{82A8F547-5498-4088-80F2-E4AFD0E7EB7E}.Release|Any CPU.ActiveCfg = Release|Any CPU
		{82A8F547-5498-4088-80F2-E4AFD0E7EB7E}.Release|Any CPU.Build.0 = Release|Any CPU
		{0318C484-A6E8-4E0B-955A-6694D36D5F70}.Debug|Any CPU.ActiveCfg = Debug|Any CPU
		{0318C484-A6E8-4E0B-955A-6694D36D5F70}.Debug|Any CPU.Build.0 = Debug|Any CPU
		{0318C484-A6E8-4E0B-955A-6694D36D5F70}.Release|Any CPU.ActiveCfg = Release|Any CPU
		{0318C484-A6E8-4E0B-955A-6694D36D5F70}.Release|Any CPU.Build.0 = Release|Any CPU
		{301BAC40-4701-4E22-85C5-B0FBA8DD1282}.Debug|Any CPU.ActiveCfg = Debug|Any CPU
		{301BAC40-4701-4E22-85C5-B0FBA8DD1282}.Debug|Any CPU.Build.0 = Debug|Any CPU
		{301BAC40-4701-4E22-85C5-B0FBA8DD1282}.Release|Any CPU.ActiveCfg = Release|Any CPU
		{301BAC40-4701-4E22-85C5-B0FBA8DD1282}.Release|Any CPU.Build.0 = Release|Any CPU
		{8DE08269-B96D-4E08-A50A-ACB0CA681BFE}.Debug|Any CPU.ActiveCfg = Debug|Any CPU
		{8DE08269-B96D-4E08-A50A-ACB0CA681BFE}.Debug|Any CPU.Build.0 = Debug|Any CPU
		{8DE08269-B96D-4E08-A50A-ACB0CA681BFE}.Release|Any CPU.ActiveCfg = Release|Any CPU
		{8DE08269-B96D-4E08-A50A-ACB0CA681BFE}.Release|Any CPU.Build.0 = Release|Any CPU
		{8F527364-A061-479F-A6F8-C1CEE8C41E5E}.Debug|Any CPU.ActiveCfg = Debug|Any CPU
		{8F527364-A061-479F-A6F8-C1CEE8C41E5E}.Debug|Any CPU.Build.0 = Debug|Any CPU
		{8F527364-A061-479F-A6F8-C1CEE8C41E5E}.Release|Any CPU.ActiveCfg = Release|Any CPU
		{8F527364-A061-479F-A6F8-C1CEE8C41E5E}.Release|Any CPU.Build.0 = Release|Any CPU
		{4CA3D79A-8D81-4F82-AB89-15BE13FF2F6F}.Debug|Any CPU.ActiveCfg = Debug|Any CPU
		{4CA3D79A-8D81-4F82-AB89-15BE13FF2F6F}.Debug|Any CPU.Build.0 = Debug|Any CPU
		{4CA3D79A-8D81-4F82-AB89-15BE13FF2F6F}.Release|Any CPU.ActiveCfg = Release|Any CPU
		{4CA3D79A-8D81-4F82-AB89-15BE13FF2F6F}.Release|Any CPU.Build.0 = Release|Any CPU
		{C7731A2E-DCF3-4E80-96C2-1A57D37AA089}.Debug|Any CPU.ActiveCfg = Debug|Any CPU
		{C7731A2E-DCF3-4E80-96C2-1A57D37AA089}.Debug|Any CPU.Build.0 = Debug|Any CPU
		{C7731A2E-DCF3-4E80-96C2-1A57D37AA089}.Release|Any CPU.ActiveCfg = Release|Any CPU
		{C7731A2E-DCF3-4E80-96C2-1A57D37AA089}.Release|Any CPU.Build.0 = Release|Any CPU
		{BFB285AD-D7F7-405E-95FF-882703A2BC0B}.Debug|Any CPU.ActiveCfg = Debug|Any CPU
		{BFB285AD-D7F7-405E-95FF-882703A2BC0B}.Debug|Any CPU.Build.0 = Debug|Any CPU
		{BFB285AD-D7F7-405E-95FF-882703A2BC0B}.Release|Any CPU.ActiveCfg = Release|Any CPU
		{BFB285AD-D7F7-405E-95FF-882703A2BC0B}.Release|Any CPU.Build.0 = Release|Any CPU
		{063FF636-B750-4997-84B5-0CC573197FD0}.Debug|Any CPU.ActiveCfg = Debug|Any CPU
		{063FF636-B750-4997-84B5-0CC573197FD0}.Debug|Any CPU.Build.0 = Debug|Any CPU
		{063FF636-B750-4997-84B5-0CC573197FD0}.Release|Any CPU.ActiveCfg = Release|Any CPU
		{063FF636-B750-4997-84B5-0CC573197FD0}.Release|Any CPU.Build.0 = Release|Any CPU
		{3D0B1D5C-AA9C-45D9-99E9-822432F1754D}.Debug|Any CPU.ActiveCfg = Debug|Any CPU
		{3D0B1D5C-AA9C-45D9-99E9-822432F1754D}.Debug|Any CPU.Build.0 = Debug|Any CPU
		{3D0B1D5C-AA9C-45D9-99E9-822432F1754D}.Release|Any CPU.ActiveCfg = Release|Any CPU
		{3D0B1D5C-AA9C-45D9-99E9-822432F1754D}.Release|Any CPU.Build.0 = Release|Any CPU
		{FF5C8A40-1DD7-40A3-9987-EDD7307FCB86}.Debug|Any CPU.ActiveCfg = Debug|Any CPU
		{FF5C8A40-1DD7-40A3-9987-EDD7307FCB86}.Debug|Any CPU.Build.0 = Debug|Any CPU
		{FF5C8A40-1DD7-40A3-9987-EDD7307FCB86}.Release|Any CPU.ActiveCfg = Release|Any CPU
		{FF5C8A40-1DD7-40A3-9987-EDD7307FCB86}.Release|Any CPU.Build.0 = Release|Any CPU
		{ED887D72-6E9B-4201-84B9-12BB05CF28E7}.Debug|Any CPU.ActiveCfg = Debug|Any CPU
		{ED887D72-6E9B-4201-84B9-12BB05CF28E7}.Debug|Any CPU.Build.0 = Debug|Any CPU
		{ED887D72-6E9B-4201-84B9-12BB05CF28E7}.Release|Any CPU.ActiveCfg = Release|Any CPU
		{ED887D72-6E9B-4201-84B9-12BB05CF28E7}.Release|Any CPU.Build.0 = Release|Any CPU
		{3A6766CC-8B3A-4480-9E73-17F5B2824DED}.Debug|Any CPU.ActiveCfg = Debug|Any CPU
		{3A6766CC-8B3A-4480-9E73-17F5B2824DED}.Debug|Any CPU.Build.0 = Debug|Any CPU
		{3A6766CC-8B3A-4480-9E73-17F5B2824DED}.Release|Any CPU.ActiveCfg = Release|Any CPU
		{3A6766CC-8B3A-4480-9E73-17F5B2824DED}.Release|Any CPU.Build.0 = Release|Any CPU
		{E5B28001-B632-4FEC-AE59-E93C72F1091D}.Debug|Any CPU.ActiveCfg = Debug|Any CPU
		{E5B28001-B632-4FEC-AE59-E93C72F1091D}.Debug|Any CPU.Build.0 = Debug|Any CPU
		{E5B28001-B632-4FEC-AE59-E93C72F1091D}.Release|Any CPU.ActiveCfg = Release|Any CPU
		{E5B28001-B632-4FEC-AE59-E93C72F1091D}.Release|Any CPU.Build.0 = Release|Any CPU
		{4D062069-73FF-49AE-812B-D3C24298BEFE}.Debug|Any CPU.ActiveCfg = Debug|Any CPU
		{4D062069-73FF-49AE-812B-D3C24298BEFE}.Debug|Any CPU.Build.0 = Debug|Any CPU
		{4D062069-73FF-49AE-812B-D3C24298BEFE}.Release|Any CPU.ActiveCfg = Release|Any CPU
		{4D062069-73FF-49AE-812B-D3C24298BEFE}.Release|Any CPU.Build.0 = Release|Any CPU
		{A92C8A9D-1C8F-4B6E-8F6D-54517F3BFBC5}.Debug|Any CPU.ActiveCfg = Debug|Any CPU
		{A92C8A9D-1C8F-4B6E-8F6D-54517F3BFBC5}.Debug|Any CPU.Build.0 = Debug|Any CPU
		{A92C8A9D-1C8F-4B6E-8F6D-54517F3BFBC5}.Release|Any CPU.ActiveCfg = Release|Any CPU
		{A92C8A9D-1C8F-4B6E-8F6D-54517F3BFBC5}.Release|Any CPU.Build.0 = Release|Any CPU
		{02A7A15E-5744-4460-9C05-9DA330151F9F}.Debug|Any CPU.ActiveCfg = Debug|Any CPU
		{02A7A15E-5744-4460-9C05-9DA330151F9F}.Debug|Any CPU.Build.0 = Debug|Any CPU
		{02A7A15E-5744-4460-9C05-9DA330151F9F}.Release|Any CPU.ActiveCfg = Release|Any CPU
		{02A7A15E-5744-4460-9C05-9DA330151F9F}.Release|Any CPU.Build.0 = Release|Any CPU
		{D412BD2F-4C3A-438E-8731-EA9030600C52}.Debug|Any CPU.ActiveCfg = Debug|Any CPU
		{D412BD2F-4C3A-438E-8731-EA9030600C52}.Debug|Any CPU.Build.0 = Debug|Any CPU
		{D412BD2F-4C3A-438E-8731-EA9030600C52}.Release|Any CPU.ActiveCfg = Release|Any CPU
		{D412BD2F-4C3A-438E-8731-EA9030600C52}.Release|Any CPU.Build.0 = Release|Any CPU
		{AEA6D428-C15D-47B0-AC34-034591068155}.Debug|Any CPU.ActiveCfg = Debug|Any CPU
		{AEA6D428-C15D-47B0-AC34-034591068155}.Debug|Any CPU.Build.0 = Debug|Any CPU
		{AEA6D428-C15D-47B0-AC34-034591068155}.Release|Any CPU.ActiveCfg = Release|Any CPU
		{AEA6D428-C15D-47B0-AC34-034591068155}.Release|Any CPU.Build.0 = Release|Any CPU
		{BBB5BD85-3D75-43F5-A88C-074067ECA6DA}.Debug|Any CPU.ActiveCfg = Debug|Any CPU
		{BBB5BD85-3D75-43F5-A88C-074067ECA6DA}.Debug|Any CPU.Build.0 = Debug|Any CPU
		{BBB5BD85-3D75-43F5-A88C-074067ECA6DA}.Release|Any CPU.ActiveCfg = Release|Any CPU
		{BBB5BD85-3D75-43F5-A88C-074067ECA6DA}.Release|Any CPU.Build.0 = Release|Any CPU
		{894E4C85-0C81-4655-B393-957E059262AA}.Debug|Any CPU.ActiveCfg = Debug|Any CPU
		{894E4C85-0C81-4655-B393-957E059262AA}.Debug|Any CPU.Build.0 = Debug|Any CPU
		{894E4C85-0C81-4655-B393-957E059262AA}.Release|Any CPU.ActiveCfg = Release|Any CPU
		{894E4C85-0C81-4655-B393-957E059262AA}.Release|Any CPU.Build.0 = Release|Any CPU
	EndGlobalSection
	GlobalSection(SolutionProperties) = preSolution
		HideSolutionNode = FALSE
	EndGlobalSection
	GlobalSection(ExtensibilityGlobals) = postSolution
		SolutionGuid = {F00F65BE-81E5-4B39-A3FD-AF04A366532B}
	EndGlobalSection
EndGlobal
